
Microsoft Visual Studio Solution File, Format Version 12.00
# Visual Studio Version 16
VisualStudioVersion = 16.0.30611.23
MinimumVisualStudioVersion = 10.0.40219.1
Project("{FAE04EC0-301F-11D3-BF4B-00C04F79EFBC}") = "ConsoleApp2", "ConsoleApp2\ConsoleApp2.csproj", "{B64540EC-2292-47ED-B9C3-3F0FB27CE06B}"
EndProject
Global
	GlobalSection(SolutionConfigurationPlatforms) = preSolution
		Debug|Any CPU = Debug|Any CPU
		Release|Any CPU = Release|Any CPU
	EndGlobalSection
	GlobalSection(ProjectConfigurationPlatforms) = postSolution
		{B64540EC-2292-47ED-B9C3-3F0FB27CE06B}.Debug|Any CPU.ActiveCfg = Debug|Any CPU
		{B64540EC-2292-47ED-B9C3-3F0FB27CE06B}.Debug|Any CPU.Build.0 = Debug|Any CPU
		{B64540EC-2292-47ED-B9C3-3F0FB27CE06B}.Release|Any CPU.ActiveCfg = Release|Any CPU
		{B64540EC-2292-47ED-B9C3-3F0FB27CE06B}.Release|Any CPU.Build.0 = Release|Any CPU
	EndGlobalSection
	GlobalSection(SolutionProperties) = preSolution
		HideSolutionNode = FALSE
	EndGlobalSection
	GlobalSection(ExtensibilityGlobals) = postSolution
		SolutionGuid = {81AD6AE0-A905-4FF6-84AB-53ADF2D5D3EF}
	EndGlobalSection
EndGlobal
